dependencies:
- name: nginx-ingress-controller
  repository: https://charts.bitnami.com/bitnami
  version: 7.4.8
- name: mongodb
  repository: https://charts.bitnami.com/bitnami
  version: 10.10.2
digest: sha256:f9d60492206a909b1e44be9c3a61a6e855d2d07ed83bae144b9eee130c0c052b
generated: "2021-03-17T18:24:20.279087+08:00"
